
Microsoft Visual Studio Solution File, Format Version 12.00
# Visual Studio Version 17
VisualStudioVersion = 17.2.32616.157
MinimumVisualStudioVersion = 10.0.40219.1
Project("{9A19103F-16F7-4668-BE54-9A1E7A4F7556}") = "Modsen.App.API", "Modsen.App.API\Modsen.App.API.csproj", "{A8ABEEF1-443E-461C-B337-6179D49D91C0}"
EndProject
Project("{9A19103F-16F7-4668-BE54-9A1E7A4F7556}") = "Modsen.App.Core", "Modsen.App.Core\Modsen.App.Core.csproj", "{3D9D9C62-B2A4-4541-BEE3-5F7731C14E88}"
EndProject
Project("{9A19103F-16F7-4668-BE54-9A1E7A4F7556}") = "Modsen.App.DataAccess", "Modsen.App.DataAccess\Modsen.App.DataAccess.csproj", "{B62D84E7-1E53-4536-9825-5ED89B78C11C}"
EndProject
Project("{2150E333-8FDC-42A3-9474-1A3956D46DE8}") = "Services", "Services", "{F6CEA5E1-F3D0-4D3D-A740-FB14DAD3CE8A}"
EndProject
Project("{2150E333-8FDC-42A3-9474-1A3956D46DE8}") = "App", "App", "{DD54EDC2-3A1C-4271-958A-A5E0D061FC80}"
EndProject
Project("{2150E333-8FDC-42A3-9474-1A3956D46DE8}") = "IdentityServer", "IdentityServer", "{D084F28F-F5D7-4789-A120-D30BE2915CD5}"
EndProject
Global
	GlobalSection(SolutionConfigurationPlatforms) = preSolution
		Debug|Any CPU = Debug|Any CPU
		Release|Any CPU = Release|Any CPU
	EndGlobalSection
	GlobalSection(ProjectConfigurationPlatforms) = postSolution
		{A8ABEEF1-443E-461C-B337-6179D49D91C0}.Debug|Any CPU.ActiveCfg = Debug|Any CPU
		{A8ABEEF1-443E-461C-B337-6179D49D91C0}.Debug|Any CPU.Build.0 = Debug|Any CPU
		{A8ABEEF1-443E-461C-B337-6179D49D91C0}.Release|Any CPU.ActiveCfg = Release|Any CPU
		{A8ABEEF1-443E-461C-B337-6179D49D91C0}.Release|Any CPU.Build.0 = Release|Any CPU
		{3D9D9C62-B2A4-4541-BEE3-5F7731C14E88}.Debug|Any CPU.ActiveCfg = Debug|Any CPU
		{3D9D9C62-B2A4-4541-BEE3-5F7731C14E88}.Debug|Any CPU.Build.0 = Debug|Any CPU
		{3D9D9C62-B2A4-4541-BEE3-5F7731C14E88}.Release|Any CPU.ActiveCfg = Release|Any CPU
		{3D9D9C62-B2A4-4541-BEE3-5F7731C14E88}.Release|Any CPU.Build.0 = Release|Any CPU
		{B62D84E7-1E53-4536-9825-5ED89B78C11C}.Debug|Any CPU.ActiveCfg = Debug|Any CPU
		{B62D84E7-1E53-4536-9825-5ED89B78C11C}.Debug|Any CPU.Build.0 = Debug|Any CPU
		{B62D84E7-1E53-4536-9825-5ED89B78C11C}.Release|Any CPU.ActiveCfg = Release|Any CPU
		{B62D84E7-1E53-4536-9825-5ED89B78C11C}.Release|Any CPU.Build.0 = Release|Any CPU
	EndGlobalSection
	GlobalSection(SolutionProperties) = preSolution
		HideSolutionNode = FALSE
	EndGlobalSection
	GlobalSection(NestedProjects) = preSolution
		{A8ABEEF1-443E-461C-B337-6179D49D91C0} = {DD54EDC2-3A1C-4271-958A-A5E0D061FC80}
		{DD54EDC2-3A1C-4271-958A-A5E0D061FC80} = {F6CEA5E1-F3D0-4D3D-A740-FB14DAD3CE8A}
		{D084F28F-F5D7-4789-A120-D30BE2915CD5} = {F6CEA5E1-F3D0-4D3D-A740-FB14DAD3CE8A}
	EndGlobalSection
	GlobalSection(ExtensibilityGlobals) = postSolution
		SolutionGuid = {266537A9-6DDB-4890-88C0-F5A2E15A8A1B}
	EndGlobalSection
EndGlobal
